// !$*UTF8*$!
{
	archiveVersion = 1;
	classes = {
	};
	objectVersion = 56;
	objects = {

/* Begin PBXBuildFile section */
		6486EC1F29443688003C5437 /* LexendDeca-Regular.ttf in Resources */ = {isa = PBXBuildFile; fileRef = 6486EC1C29443687003C5437 /* LexendDeca-Regular.ttf */; };
		6486EC2029443688003C5437 /* LexendDeca-SemiBold.ttf in Resources */ = {isa = PBXBuildFile; fileRef = 6486EC1D29443687003C5437 /* LexendDeca-SemiBold.ttf */; };
		6486EC2129443688003C5437 /* LexendDeca-Bold.ttf in Resources */ = {isa = PBXBuildFile; fileRef = 6486EC1E29443687003C5437 /* LexendDeca-Bold.ttf */; };
		6486EC2429443936003C5437 /* Fonts.swift in Sources */ = {isa = PBXBuildFile; fileRef = 6486EC2329443936003C5437 /* Fonts.swift */; };
		6486EC2629443B0C003C5437 /* Architecture.png in Resources */ = {isa = PBXBuildFile; fileRef = 6486EC2529443B0C003C5437 /* Architecture.png */; };
		6486EC2829443B33003C5437 /* ChatView.swift in Sources */ = {isa = PBXBuildFile; fileRef = 6486EC2729443B33003C5437 /* ChatView.swift */; };
		6486EC2A29443B3E003C5437 /* ContactsView.swift in Sources */ = {isa = PBXBuildFile; fileRef = 6486EC2929443B3E003C5437 /* ContactsView.swift */; };
		6486EC2C29443B46003C5437 /* ChatListView.swift in Sources */ = {isa = PBXBuildFile; fileRef = 6486EC2B29443B46003C5437 /* ChatListView.swift */; };
		6486EC2E29443B5A003C5437 /* OnboardingView.swift in Sources */ = {isa = PBXBuildFile; fileRef = 6486EC2D29443B5A003C5437 /* OnboardingView.swift */; };
		6486EC3029443B64003C5437 /* ChatViewModel.swift in Sources */ = {isa = PBXBuildFile; fileRef = 6486EC2F29443B64003C5437 /* ChatViewModel.swift */; };
		6486EC3229443B6F003C5437 /* ContactsViewModel.swift in Sources */ = {isa = PBXBuildFile; fileRef = 6486EC3129443B6F003C5437 /* ContactsViewModel.swift */; };
		6486EC3429443B78003C5437 /* AuthViewModel.swift in Sources */ = {isa = PBXBuildFile; fileRef = 6486EC3329443B78003C5437 /* AuthViewModel.swift */; };
		6486EC3729443B95003C5437 /* VerificationView.swift in Sources */ = {isa = PBXBuildFile; fileRef = 6486EC3629443B95003C5437 /* VerificationView.swift */; };
		6486EC3929443B9F003C5437 /* WelcomeView.swift in Sources */ = {isa = PBXBuildFile; fileRef = 6486EC3829443B9F003C5437 /* WelcomeView.swift */; };
		6486EC3B29443BCB003C5437 /* CustomTabBar.swift in Sources */ = {isa = PBXBuildFile; fileRef = 6486EC3A29443BCB003C5437 /* CustomTabBar.swift */; };
		6486EC3D29444502003C5437 /* TabBarButton.swift in Sources */ = {isa = PBXBuildFile; fileRef = 6486EC3C29444502003C5437 /* TabBarButton.swift */; };
		6486EC3F2944474F003C5437 /* GoogleService-Info.plist in Resources */ = {isa = PBXBuildFile; fileRef = 6486EC3E2944474F003C5437 /* GoogleService-Info.plist */; };
		6486EC42294449B7003C5437 /* FirebaseAuth in Frameworks */ = {isa = PBXBuildFile; productRef = 6486EC41294449B7003C5437 /* FirebaseAuth */; };
		6486EC44294449B7003C5437 /* FirebaseFirestore in Frameworks */ = {isa = PBXBuildFile; productRef = 6486EC43294449B7003C5437 /* FirebaseFirestore */; };
		6486EC46294449B7003C5437 /* FirebaseFirestoreSwift in Frameworks */ = {isa = PBXBuildFile; productRef = 6486EC45294449B7003C5437 /* FirebaseFirestoreSwift */; };
		6486EC48294449B7003C5437 /* FirebaseStorage in Frameworks */ = {isa = PBXBuildFile; productRef = 6486EC47294449B7003C5437 /* FirebaseStorage */; };
		6486EC4A294449B7003C5437 /* FirebaseStorageCombine-Community in Frameworks */ = {isa = PBXBuildFile; productRef = 6486EC49294449B7003C5437 /* FirebaseStorageCombine-Community */; };
		6486EC4C29444A88003C5437 /* AppDelegate.swift in Sources */ = {isa = PBXBuildFile; fileRef = 6486EC4B29444A88003C5437 /* AppDelegate.swift */; };
		6486EC4E2944577F003C5437 /* VerificaitonView.swift in Sources */ = {isa = PBXBuildFile; fileRef = 6486EC4D2944577F003C5437 /* VerificaitonView.swift */; };
		6486EC5029445788003C5437 /* CreateProfileView.swift in Sources */ = {isa = PBXBuildFile; fileRef = 6486EC4F29445788003C5437 /* CreateProfileView.swift */; };
		6486EC5229445796003C5437 /* SyncContactsView.swift in Sources */ = {isa = PBXBuildFile; fileRef = 6486EC5129445796003C5437 /* SyncContactsView.swift */; };
		6486EC54294457B2003C5437 /* PhoneNumberView.swift in Sources */ = {isa = PBXBuildFile; fileRef = 6486EC53294457B2003C5437 /* PhoneNumberView.swift */; };
		6486EC5629445980003C5437 /* OnboardingButtonStyle.swift in Sources */ = {isa = PBXBuildFile; fileRef = 6486EC5529445980003C5437 /* OnboardingButtonStyle.swift */; };
		6486EC5929457F3C003C5437 /* CreateProfileTextfieldStyle.swift in Sources */ = {isa = PBXBuildFile; fileRef = 6486EC5829457F3C003C5437 /* CreateProfileTextfieldStyle.swift */; };
		64B7E5A3294332D8005BB1D3 /* SwiftUI_ChatApp.swift in Sources */ = {isa = PBXBuildFile; fileRef = 64B7E5A2294332D8005BB1D3 /* SwiftUI_ChatApp.swift */; };
		64B7E5A5294332D8005BB1D3 /* RootView.swift in Sources */ = {isa = PBXBuildFile; fileRef = 64B7E5A4294332D8005BB1D3 /* RootView.swift */; };
		64B7E5A7294332DB005BB1D3 /* Assets.xcassets in Resources */ = {isa = PBXBuildFile; fileRef = 64B7E5A6294332DB005BB1D3 /* Assets.xcassets */; };
		64B7E5AA294332DB005BB1D3 /* Preview Assets.xcassets in Resources */ = {isa = PBXBuildFile; fileRef = 64B7E5A9294332DB005BB1D3 /* Preview Assets.xcassets */; };
/* End PBXBuildFile section */

/* Begin PBXFileReference section */
		6486EC1C29443687003C5437 /* LexendDeca-Regular.ttf */ = {isa = PBXFileReference; lastKnownFileType = file; path = "LexendDeca-Regular.ttf"; sourceTree = "<group>"; };
		6486EC1D29443687003C5437 /* LexendDeca-SemiBold.ttf */ = {isa = PBXFileReference; lastKnownFileType = file; path = "LexendDeca-SemiBold.ttf"; sourceTree = "<group>"; };
		6486EC1E29443687003C5437 /* LexendDeca-Bold.ttf */ = {isa = PBXFileReference; lastKnownFileType = file; path = "LexendDeca-Bold.ttf"; sourceTree = "<group>"; };
		6486EC22294437B0003C5437 /* Info.plist */ = {isa = PBXFileReference; lastKnownFileType = text.plist; path = Info.plist; sourceTree = "<group>"; };
		6486EC2329443936003C5437 /* Fonts.swift */ = {isa = PBXFileReference; lastKnownFileType = sourcecode.swift; path = Fonts.swift; sourceTree = "<group>"; };
		6486EC2529443B0C003C5437 /* Architecture.png */ = {isa = PBXFileReference; lastKnownFileType = image.png; path = Architecture.png; sourceTree = "<group>"; };
		6486EC2729443B33003C5437 /* ChatView.swift */ = {isa = PBXFileReference; lastKnownFileType = sourcecode.swift; path = ChatView.swift; sourceTree = "<group>"; };
		6486EC2929443B3E003C5437 /* ContactsView.swift */ = {isa = PBXFileReference; lastKnownFileType = sourcecode.swift; path = ContactsView.swift; sourceTree = "<group>"; };
		6486EC2B29443B46003C5437 /* ChatListView.swift */ = {isa = PBXFileReference; lastKnownFileType = sourcecode.swift; path = ChatListView.swift; sourceTree = "<group>"; };
		6486EC2D29443B5A003C5437 /* OnboardingView.swift */ = {isa = PBXFileReference; lastKnownFileType = sourcecode.swift; path = OnboardingView.swift; sourceTree = "<group>"; };
		6486EC2F29443B64003C5437 /* ChatViewModel.swift */ = {isa = PBXFileReference; lastKnownFileType = sourcecode.swift; path = ChatViewModel.swift; sourceTree = "<group>"; };
		6486EC3129443B6F003C5437 /* ContactsViewModel.swift */ = {isa = PBXFileReference; lastKnownFileType = sourcecode.swift; path = ContactsViewModel.swift; sourceTree = "<group>"; };
		6486EC3329443B78003C5437 /* AuthViewModel.swift */ = {isa = PBXFileReference; lastKnownFileType = sourcecode.swift; path = AuthViewModel.swift; sourceTree = "<group>"; };
		6486EC3629443B95003C5437 /* VerificationView.swift */ = {isa = PBXFileReference; lastKnownFileType = sourcecode.swift; path = VerificationView.swift; sourceTree = "<group>"; };
		6486EC3829443B9F003C5437 /* WelcomeView.swift */ = {isa = PBXFileReference; lastKnownFileType = sourcecode.swift; path = WelcomeView.swift; sourceTree = "<group>"; };
		6486EC3A29443BCB003C5437 /* CustomTabBar.swift */ = {isa = PBXFileReference; lastKnownFileType = sourcecode.swift; path = CustomTabBar.swift; sourceTree = "<group>"; };
		6486EC3C29444502003C5437 /* TabBarButton.swift */ = {isa = PBXFileReference; lastKnownFileType = sourcecode.swift; path = TabBarButton.swift; sourceTree = "<group>"; };
		6486EC3E2944474F003C5437 /* GoogleService-Info.plist */ = {isa = PBXFileReference; fileEncoding = 4; lastKnownFileType = text.plist.xml; path = "GoogleService-Info.plist"; sourceTree = "<group>"; };
		6486EC4B29444A88003C5437 /* AppDelegate.swift */ = {isa = PBXFileReference; lastKnownFileType = sourcecode.swift; path = AppDelegate.swift; sourceTree = "<group>"; };
		6486EC4D2944577F003C5437 /* VerificaitonView.swift */ = {isa = PBXFileReference; lastKnownFileType = sourcecode.swift; path = VerificaitonView.swift; sourceTree = "<group>"; };
		6486EC4F29445788003C5437 /* CreateProfileView.swift */ = {isa = PBXFileReference; lastKnownFileType = sourcecode.swift; path = CreateProfileView.swift; sourceTree = "<group>"; };
		6486EC5129445796003C5437 /* SyncContactsView.swift */ = {isa = PBXFileReference; lastKnownFileType = sourcecode.swift; path = SyncContactsView.swift; sourceTree = "<group>"; };
		6486EC53294457B2003C5437 /* PhoneNumberView.swift */ = {isa = PBXFileReference; lastKnownFileType = sourcecode.swift; path = PhoneNumberView.swift; sourceTree = "<group>"; };
		6486EC5529445980003C5437 /* OnboardingButtonStyle.swift */ = {isa = PBXFileReference; lastKnownFileType = sourcecode.swift; path = OnboardingButtonStyle.swift; sourceTree = "<group>"; };
		6486EC5829457F3C003C5437 /* CreateProfileTextfieldStyle.swift */ = {isa = PBXFileReference; lastKnownFileType = sourcecode.swift; path = CreateProfileTextfieldStyle.swift; sourceTree = "<group>"; };
		64B7E59F294332D8005BB1D3 /* SwiftUI-Chat.app */ = {isa = PBXFileReference; explicitFileType = wrapper.application; includeInIndex = 0; path = "SwiftUI-Chat.app"; sourceTree = BUILT_PRODUCTS_DIR; };
		64B7E5A2294332D8005BB1D3 /* SwiftUI_ChatApp.swift */ = {isa = PBXFileReference; lastKnownFileType = sourcecode.swift; path = SwiftUI_ChatApp.swift; sourceTree = "<group>"; };
		64B7E5A4294332D8005BB1D3 /* RootView.swift */ = {isa = PBXFileReference; lastKnownFileType = sourcecode.swift; path = RootView.swift; sourceTree = "<group>"; };
		64B7E5A6294332DB005BB1D3 /* Assets.xcassets */ = {isa = PBXFileReference; lastKnownFileType = folder.assetcatalog; path = Assets.xcassets; sourceTree = "<group>"; };
		64B7E5A9294332DB005BB1D3 /* Preview Assets.xcassets */ = {isa = PBXFileReference; lastKnownFileType = folder.assetcatalog; path = "Preview Assets.xcassets"; sourceTree = "<group>"; };
/* End PBXFileReference section */

/* Begin PBXFrameworksBuildPhase section */
		64B7E59C294332D8005BB1D3 /* Frameworks */ = {
			isa = PBXFrameworksBuildPhase;
			buildActionMask = 2147483647;
			files = (
				6486EC42294449B7003C5437 /* FirebaseAuth in Frameworks */,
				6486EC48294449B7003C5437 /* FirebaseStorage in Frameworks */,
				6486EC4A294449B7003C5437 /* FirebaseStorageCombine-Community in Frameworks */,
				6486EC44294449B7003C5437 /* FirebaseFirestore in Frameworks */,
				6486EC46294449B7003C5437 /* FirebaseFirestoreSwift in Frameworks */,
			);
			runOnlyForDeploymentPostprocessing = 0;
		};
/* End PBXFrameworksBuildPhase section */

/* Begin PBXGroup section */
		6486EC3529443B83003C5437 /* Onboarding */ = {
			isa = PBXGroup;
			children = (
				6486EC2D29443B5A003C5437 /* OnboardingView.swift */,
				6486EC3629443B95003C5437 /* VerificationView.swift */,
				6486EC3829443B9F003C5437 /* WelcomeView.swift */,
				6486EC4D2944577F003C5437 /* VerificaitonView.swift */,
				6486EC4F29445788003C5437 /* CreateProfileView.swift */,
				6486EC5129445796003C5437 /* SyncContactsView.swift */,
				6486EC53294457B2003C5437 /* PhoneNumberView.swift */,
			);
			path = Onboarding;
			sourceTree = "<group>";
		};
		6486EC5729457EA9003C5437 /* Custom Tab Bar */ = {
			isa = PBXGroup;
			children = (
				6486EC3A29443BCB003C5437 /* CustomTabBar.swift */,
				6486EC3C29444502003C5437 /* TabBarButton.swift */,
			);
			path = "Custom Tab Bar";
			sourceTree = "<group>";
		};
		64B7E596294332D8005BB1D3 = {
			isa = PBXGroup;
			children = (
				6486EC2529443B0C003C5437 /* Architecture.png */,
				64B7E5A1294332D8005BB1D3 /* SwiftUI-Chat */,
				64B7E5A0294332D8005BB1D3 /* Products */,
			);
			sourceTree = "<group>";
		};
		64B7E5A0294332D8005BB1D3 /* Products */ = {
			isa = PBXGroup;
			children = (
				64B7E59F294332D8005BB1D3 /* SwiftUI-Chat.app */,
			);
			name = Products;
			sourceTree = "<group>";
		};
		64B7E5A1294332D8005BB1D3 /* SwiftUI-Chat */ = {
			isa = PBXGroup;
			children = (
				6486EC22294437B0003C5437 /* Info.plist */,
				6486EC3E2944474F003C5437 /* GoogleService-Info.plist */,
				64B7E5A2294332D8005BB1D3 /* SwiftUI_ChatApp.swift */,
				6486EC4B29444A88003C5437 /* AppDelegate.swift */,
				64B7E5B029433309005BB1D3 /* Views */,
				64B7E5B129433313005BB1D3 /* ViewModels */,
				64B7E5B229433318005BB1D3 /* Models */,
				64B7E5B329433320005BB1D3 /* Services */,
				64B7E5B429433331005BB1D3 /* Helpers */,
				64B7E5B52943333A005BB1D3 /* Fonts */,
				64B7E5A6294332DB005BB1D3 /* Assets.xcassets */,
				64B7E5A8294332DB005BB1D3 /* Preview Content */,
			);
			path = "SwiftUI-Chat";
			sourceTree = "<group>";
		};
		64B7E5A8294332DB005BB1D3 /* Preview Content */ = {
			isa = PBXGroup;
			children = (
				64B7E5A9294332DB005BB1D3 /* Preview Assets.xcassets */,
			);
			path = "Preview Content";
			sourceTree = "<group>";
		};
		64B7E5B029433309005BB1D3 /* Views */ = {
			isa = PBXGroup;
			children = (
				6486EC5729457EA9003C5437 /* Custom Tab Bar */,
				6486EC3529443B83003C5437 /* Onboarding */,
				64B7E5A4294332D8005BB1D3 /* RootView.swift */,
				6486EC2729443B33003C5437 /* ChatView.swift */,
				6486EC2929443B3E003C5437 /* ContactsView.swift */,
				6486EC2B29443B46003C5437 /* ChatListView.swift */,
			);
			path = Views;
			sourceTree = "<group>";
		};
		64B7E5B129433313005BB1D3 /* ViewModels */ = {
			isa = PBXGroup;
			children = (
				6486EC2F29443B64003C5437 /* ChatViewModel.swift */,
				6486EC3129443B6F003C5437 /* ContactsViewModel.swift */,
				6486EC3329443B78003C5437 /* AuthViewModel.swift */,
			);
			path = ViewModels;
			sourceTree = "<group>";
		};
		64B7E5B229433318005BB1D3 /* Models */ = {
			isa = PBXGroup;
			children = (
			);
			path = Models;
			sourceTree = "<group>";
		};
		64B7E5B329433320005BB1D3 /* Services */ = {
			isa = PBXGroup;
			children = (
			);
			path = Services;
			sourceTree = "<group>";
		};
		64B7E5B429433331005BB1D3 /* Helpers */ = {
			isa = PBXGroup;
			children = (
				6486EC5529445980003C5437 /* OnboardingButtonStyle.swift */,
				6486EC2329443936003C5437 /* Fonts.swift */,
				6486EC5829457F3C003C5437 /* CreateProfileTextfieldStyle.swift */,
			);
			path = Helpers;
			sourceTree = "<group>";
		};
		64B7E5B52943333A005BB1D3 /* Fonts */ = {
			isa = PBXGroup;
			children = (
				6486EC1E29443687003C5437 /* LexendDeca-Bold.ttf */,
				6486EC1C29443687003C5437 /* LexendDeca-Regular.ttf */,
				6486EC1D29443687003C5437 /* LexendDeca-SemiBold.ttf */,
			);
			path = Fonts;
			sourceTree = "<group>";
		};
/* End PBXGroup section */

/* Begin PBXNativeTarget section */
		64B7E59E294332D8005BB1D3 /* SwiftUI-Chat */ = {
			isa = PBXNativeTarget;
			buildConfigurationList = 64B7E5AD294332DB005BB1D3 /* Build configuration list for PBXNativeTarget "SwiftUI-Chat" */;
			buildPhases = (
				64B7E59B294332D8005BB1D3 /* Sources */,
				64B7E59C294332D8005BB1D3 /* Frameworks */,
				64B7E59D294332D8005BB1D3 /* Resources */,
			);
			buildRules = (
			);
			dependencies = (
			);
			name = "SwiftUI-Chat";
			packageProductDependencies = (
				6486EC41294449B7003C5437 /* FirebaseAuth */,
				6486EC43294449B7003C5437 /* FirebaseFirestore */,
				6486EC45294449B7003C5437 /* FirebaseFirestoreSwift */,
				6486EC47294449B7003C5437 /* FirebaseStorage */,
				6486EC49294449B7003C5437 /* FirebaseStorageCombine-Community */,
			);
			productName = "SwiftUI-Chat";
			productReference = 64B7E59F294332D8005BB1D3 /* SwiftUI-Chat.app */;
			productType = "com.apple.product-type.application";
		};
/* End PBXNativeTarget section */

/* Begin PBXProject section */
		64B7E597294332D8005BB1D3 /* Project object */ = {
			isa = PBXProject;
			attributes = {
				BuildIndependentTargetsInParallel = 1;
				LastSwiftUpdateCheck = 1410;
				LastUpgradeCheck = 1410;
				TargetAttributes = {
					64B7E59E294332D8005BB1D3 = {
						CreatedOnToolsVersion = 14.1;
					};
				};
			};
			buildConfigurationList = 64B7E59A294332D8005BB1D3 /* Build configuration list for PBXProject "SwiftUI-Chat" */;
			compatibilityVersion = "Xcode 14.0";
			developmentRegion = en;
			hasScannedForEncodings = 0;
			knownRegions = (
				en,
				Base,
			);
			mainGroup = 64B7E596294332D8005BB1D3;
			packageReferences = (
				6486EC40294449B7003C5437 /* XCRemoteSwiftPackageReference "firebase-ios-sdk" */,
			);
			productRefGroup = 64B7E5A0294332D8005BB1D3 /* Products */;
			projectDirPath = "";
			projectRoot = "";
			targets = (
				64B7E59E294332D8005BB1D3 /* SwiftUI-Chat */,
			);
		};
/* End PBXProject section */

/* Begin PBXResourcesBuildPhase section */
		64B7E59D294332D8005BB1D3 /* Resources */ = {
			isa = PBXResourcesBuildPhase;
			buildActionMask = 2147483647;
			files = (
				6486EC2029443688003C5437 /* LexendDeca-SemiBold.ttf in Resources */,
				6486EC2129443688003C5437 /* LexendDeca-Bold.ttf in Resources */,
				6486EC2629443B0C003C5437 /* Architecture.png in Resources */,
				6486EC3F2944474F003C5437 /* GoogleService-Info.plist in Resources */,
				64B7E5AA294332DB005BB1D3 /* Preview Assets.xcassets in Resources */,
				6486EC1F29443688003C5437 /* LexendDeca-Regular.ttf in Resources */,
				64B7E5A7294332DB005BB1D3 /* Assets.xcassets in Resources */,
			);
			runOnlyForDeploymentPostprocessing = 0;
		};
/* End PBXResourcesBuildPhase section */

/* Begin PBXSourcesBuildPhase section */
		64B7E59B294332D8005BB1D3 /* Sources */ = {
			isa = PBXSourcesBuildPhase;
			buildActionMask = 2147483647;
			files = (
				6486EC3429443B78003C5437 /* AuthViewModel.swift in Sources */,
				6486EC2829443B33003C5437 /* ChatView.swift in Sources */,
				6486EC3B29443BCB003C5437 /* CustomTabBar.swift in Sources */,
				6486EC5929457F3C003C5437 /* CreateProfileTextfieldStyle.swift in Sources */,
				6486EC4C29444A88003C5437 /* AppDelegate.swift in Sources */,
				6486EC2429443936003C5437 /* Fonts.swift in Sources */,
				6486EC3029443B64003C5437 /* ChatViewModel.swift in Sources */,
				64B7E5A5294332D8005BB1D3 /* RootView.swift in Sources */,
				6486EC2A29443B3E003C5437 /* ContactsView.swift in Sources */,
				6486EC5229445796003C5437 /* SyncContactsView.swift in Sources */,
				6486EC2C29443B46003C5437 /* ChatListView.swift in Sources */,
				6486EC5029445788003C5437 /* CreateProfileView.swift in Sources */,
				64B7E5A3294332D8005BB1D3 /* SwiftUI_ChatApp.swift in Sources */,
				6486EC54294457B2003C5437 /* PhoneNumberView.swift in Sources */,
				6486EC5629445980003C5437 /* OnboardingButtonStyle.swift in Sources */,
				6486EC3229443B6F003C5437 /* ContactsViewModel.swift in Sources */,
				6486EC3929443B9F003C5437 /* WelcomeView.swift in Sources */,
				6486EC3D29444502003C5437 /* TabBarButton.swift in Sources */,
				6486EC2E29443B5A003C5437 /* OnboardingView.swift in Sources */,
				6486EC3729443B95003C5437 /* VerificationView.swift in Sources */,
				6486EC4E2944577F003C5437 /* VerificaitonView.swift in Sources */,
			);
			runOnlyForDeploymentPostprocessing = 0;
		};
/* End PBXSourcesBuildPhase section */

/* Begin XCBuildConfiguration section */
		64B7E5AB294332DB005BB1D3 /* Debug */ = {
			isa = XCBuildConfiguration;
			buildSettings = {
				ALWAYS_SEARCH_USER_PATHS = NO;
				CLANG_ANALYZER_NONNULL = YES;
				CLANG_ANALYZER_NUMBER_OBJECT_CONVERSION = YES_AGGRESSIVE;
				CLANG_CXX_LANGUAGE_STANDARD = "gnu++20";
				CLANG_ENABLE_MODULES = YES;
				CLANG_ENABLE_OBJC_ARC = YES;
				CLANG_ENABLE_OBJC_WEAK = YES;
				CLANG_WARN_BLOCK_CAPTURE_AUTORELEASING = YES;
				CLANG_WARN_BOOL_CONVERSION = YES;
				CLANG_WARN_COMMA = YES;
				CLANG_WARN_CONSTANT_CONVERSION = YES;
				CLANG_WARN_DEPRECATED_OBJC_IMPLEMENTATIONS = YES;
				CLANG_WARN_DIRECT_OBJC_ISA_USAGE = YES_ERROR;
				CLANG_WARN_DOCUMENTATION_COMMENTS = YES;
				CLANG_WARN_EMPTY_BODY = YES;
				CLANG_WARN_ENUM_CONVERSION = YES;
				CLANG_WARN_INFINITE_RECURSION = YES;
				CLANG_WARN_INT_CONVERSION = YES;
				CLANG_WARN_NON_LITERAL_NULL_CONVERSION = YES;
				CLANG_WARN_OBJC_IMPLICIT_RETAIN_SELF = YES;
				CLANG_WARN_OBJC_LITERAL_CONVERSION = YES;
				CLANG_WARN_OBJC_ROOT_CLASS = YES_ERROR;
				CLANG_WARN_QUOTED_INCLUDE_IN_FRAMEWORK_HEADER = YES;
				CLANG_WARN_RANGE_LOOP_ANALYSIS = YES;
				CLANG_WARN_STRICT_PROTOTYPES = YES;
				CLANG_WARN_SUSPICIOUS_MOVE = YES;
				CLANG_WARN_UNGUARDED_AVAILABILITY = YES_AGGRESSIVE;
				CLANG_WARN_UNREACHABLE_CODE = YES;
				CLANG_WARN__DUPLICATE_METHOD_MATCH = YES;
				COPY_PHASE_STRIP = NO;
				DEBUG_INFORMATION_FORMAT = dwarf;
				ENABLE_STRICT_OBJC_MSGSEND = YES;
				ENABLE_TESTABILITY = YES;
				GCC_C_LANGUAGE_STANDARD = gnu11;
				GCC_DYNAMIC_NO_PIC = NO;
				GCC_NO_COMMON_BLOCKS = YES;
				GCC_OPTIMIZATION_LEVEL = 0;
				GCC_PREPROCESSOR_DEFINITIONS = (
					"DEBUG=1",
					"$(inherited)",
				);
				GCC_WARN_64_TO_32_BIT_CONVERSION = YES;
				GCC_WARN_ABOUT_RETURN_TYPE = YES_ERROR;
				GCC_WARN_UNDECLARED_SELECTOR = YES;
				GCC_WARN_UNINITIALIZED_AUTOS = YES_AGGRESSIVE;
				GCC_WARN_UNUSED_FUNCTION = YES;
				GCC_WARN_UNUSED_VARIABLE = YES;
				IPHONEOS_DEPLOYMENT_TARGET = 16.1;
				MTL_ENABLE_DEBUG_INFO = INCLUDE_SOURCE;
				MTL_FAST_MATH = YES;
				ONLY_ACTIVE_ARCH = YES;
				SDKROOT = iphoneos;
				SWIFT_ACTIVE_COMPILATION_CONDITIONS = DEBUG;
				SWIFT_OPTIMIZATION_LEVEL = "-Onone";
			};
			name = Debug;
		};
		64B7E5AC294332DB005BB1D3 /* Release */ = {
			isa = XCBuildConfiguration;
			buildSettings = {
				ALWAYS_SEARCH_USER_PATHS = NO;
				CLANG_ANALYZER_NONNULL = YES;
				CLANG_ANALYZER_NUMBER_OBJECT_CONVERSION = YES_AGGRESSIVE;
				CLANG_CXX_LANGUAGE_STANDARD = "gnu++20";
				CLANG_ENABLE_MODULES = YES;
				CLANG_ENABLE_OBJC_ARC = YES;
				CLANG_ENABLE_OBJC_WEAK = YES;
				CLANG_WARN_BLOCK_CAPTURE_AUTORELEASING = YES;
				CLANG_WARN_BOOL_CONVERSION = YES;
				CLANG_WARN_COMMA = YES;
				CLANG_WARN_CONSTANT_CONVERSION = YES;
				CLANG_WARN_DEPRECATED_OBJC_IMPLEMENTATIONS = YES;
				CLANG_WARN_DIRECT_OBJC_ISA_USAGE = YES_ERROR;
				CLANG_WARN_DOCUMENTATION_COMMENTS = YES;
				CLANG_WARN_EMPTY_BODY = YES;
				CLANG_WARN_ENUM_CONVERSION = YES;
				CLANG_WARN_INFINITE_RECURSION = YES;
				CLANG_WARN_INT_CONVERSION = YES;
				CLANG_WARN_NON_LITERAL_NULL_CONVERSION = YES;
				CLANG_WARN_OBJC_IMPLICIT_RETAIN_SELF = YES;
				CLANG_WARN_OBJC_LITERAL_CONVERSION = YES;
				CLANG_WARN_OBJC_ROOT_CLASS = YES_ERROR;
				CLANG_WARN_QUOTED_INCLUDE_IN_FRAMEWORK_HEADER = YES;
				CLANG_WARN_RANGE_LOOP_ANALYSIS = YES;
				CLANG_WARN_STRICT_PROTOTYPES = YES;
				CLANG_WARN_SUSPICIOUS_MOVE = YES;
				CLANG_WARN_UNGUARDED_AVAILABILITY = YES_AGGRESSIVE;
				CLANG_WARN_UNREACHABLE_CODE = YES;
				CLANG_WARN__DUPLICATE_METHOD_MATCH = YES;
				COPY_PHASE_STRIP = NO;
				DEBUG_INFORMATION_FORMAT = "dwarf-with-dsym";
				ENABLE_NS_ASSERTIONS = NO;
				ENABLE_STRICT_OBJC_MSGSEND = YES;
				GCC_C_LANGUAGE_STANDARD = gnu11;
				GCC_NO_COMMON_BLOCKS = YES;
				GCC_WARN_64_TO_32_BIT_CONVERSION = YES;
				GCC_WARN_ABOUT_RETURN_TYPE = YES_ERROR;
				GCC_WARN_UNDECLARED_SELECTOR = YES;
				GCC_WARN_UNINITIALIZED_AUTOS = YES_AGGRESSIVE;
				GCC_WARN_UNUSED_FUNCTION = YES;
				GCC_WARN_UNUSED_VARIABLE = YES;
				IPHONEOS_DEPLOYMENT_TARGET = 16.1;
				MTL_ENABLE_DEBUG_INFO = NO;
				MTL_FAST_MATH = YES;
				SDKROOT = iphoneos;
				SWIFT_COMPILATION_MODE = wholemodule;
				SWIFT_OPTIMIZATION_LEVEL = "-O";
				VALIDATE_PRODUCT = YES;
			};
			name = Release;
		};
		64B7E5AE294332DB005BB1D3 /* Debug */ = {
			isa = XCBuildConfiguration;
			buildSettings = {
				ASSETCATALOG_COMPILER_APPICON_NAME = AppIcon;
				ASSETCATALOG_COMPILER_GLOBAL_ACCENT_COLOR_NAME = AccentColor;
				CODE_SIGN_STYLE = Automatic;
				CURRENT_PROJECT_VERSION = 1;
				DEVELOPMENT_ASSET_PATHS = "\"SwiftUI-Chat/Preview Content\"";
				DEVELOPMENT_TEAM = TDBL5DL56U;
				ENABLE_PREVIEWS = YES;
				GENERATE_INFOPLIST_FILE = YES;
				INFOPLIST_FILE = "SwiftUI-Chat/Info.plist";
				INFOPLIST_KEY_UIApplicationSceneManifest_Generation = YES;
				INFOPLIST_KEY_UIApplicationSupportsIndirectInputEvents = YES;
				INFOPLIST_KEY_UILaunchScreen_Generation = YES;
				INFOPLIST_KEY_UISupportedInterfaceOrientations_iPad = "UIInterfaceOrientationPortrait UIInterfaceOrientationPortraitUpsideDown UIInterfaceOrientationLandscapeLeft UIInterfaceOrientationLandscapeRight";
				INFOPLIST_KEY_UISupportedInterfaceOrientations_iPhone = "UIInterfaceOrientationPortrait UIInterfaceOrientationLandscapeLeft UIInterfaceOrientationLandscapeRight";
				LD_RUNPATH_SEARCH_PATHS = (
					"$(inherited)",
					"@executable_path/Frameworks",
				);
				MARKETING_VERSION = 1.0;
				PRODUCT_BUNDLE_IDENTIFIER = "ebaursolutions.test.SwiftUI-Chat";
				PRODUCT_NAME = "$(TARGET_NAME)";
				SWIFT_EMIT_LOC_STRINGS = YES;
				SWIFT_VERSION = 5.0;
				TARGETED_DEVICE_FAMILY = "1,2";
			};
			name = Debug;
		};
		64B7E5AF294332DB005BB1D3 /* Release */ = {
			isa = XCBuildConfiguration;
			buildSettings = {
				ASSETCATALOG_COMPILER_APPICON_NAME = AppIcon;
				ASSETCATALOG_COMPILER_GLOBAL_ACCENT_COLOR_NAME = AccentColor;
				CODE_SIGN_STYLE = Automatic;
				CURRENT_PROJECT_VERSION = 1;
				DEVELOPMENT_ASSET_PATHS = "\"SwiftUI-Chat/Preview Content\"";
				DEVELOPMENT_TEAM = TDBL5DL56U;
				ENABLE_PREVIEWS = YES;
				GENERATE_INFOPLIST_FILE = YES;
				INFOPLIST_FILE = "SwiftUI-Chat/Info.plist";
				INFOPLIST_KEY_UIApplicationSceneManifest_Generation = YES;
				INFOPLIST_KEY_UIApplicationSupportsIndirectInputEvents = YES;
				INFOPLIST_KEY_UILaunchScreen_Generation = YES;
				INFOPLIST_KEY_UISupportedInterfaceOrientations_iPad = "UIInterfaceOrientationPortrait UIInterfaceOrientationPortraitUpsideDown UIInterfaceOrientationLandscapeLeft UIInterfaceOrientationLandscapeRight";
				INFOPLIST_KEY_UISupportedInterfaceOrientations_iPhone = "UIInterfaceOrientationPortrait UIInterfaceOrientationLandscapeLeft UIInterfaceOrientationLandscapeRight";
				LD_RUNPATH_SEARCH_PATHS = (
					"$(inherited)",
					"@executable_path/Frameworks",
				);
				MARKETING_VERSION = 1.0;
				PRODUCT_BUNDLE_IDENTIFIER = "ebaursolutions.test.SwiftUI-Chat";
				PRODUCT_NAME = "$(TARGET_NAME)";
				SWIFT_EMIT_LOC_STRINGS = YES;
				SWIFT_VERSION = 5.0;
				TARGETED_DEVICE_FAMILY = "1,2";
			};
			name = Release;
		};
/* End XCBuildConfiguration section */

/* Begin XCConfigurationList section */
		64B7E59A294332D8005BB1D3 /* Build configuration list for PBXProject "SwiftUI-Chat" */ = {
			isa = XCConfigurationList;
			buildConfigurations = (
				64B7E5AB294332DB005BB1D3 /* Debug */,
				64B7E5AC294332DB005BB1D3 /* Release */,
			);
			defaultConfigurationIsVisible = 0;
			defaultConfigurationName = Release;
		};
		64B7E5AD294332DB005BB1D3 /* Build configuration list for PBXNativeTarget "SwiftUI-Chat" */ = {
			isa = XCConfigurationList;
			buildConfigurations = (
				64B7E5AE294332DB005BB1D3 /* Debug */,
				64B7E5AF294332DB005BB1D3 /* Release */,
			);
			defaultConfigurationIsVisible = 0;
			defaultConfigurationName = Release;
		};
/* End XCConfigurationList section */

/* Begin XCRemoteSwiftPackageReference section */
		6486EC40294449B7003C5437 /* XCRemoteSwiftPackageReference "firebase-ios-sdk" */ = {
			isa = XCRemoteSwiftPackageReference;
			repositoryURL = "https://github.com/firebase/firebase-ios-sdk";
			requirement = {
				kind = upToNextMajorVersion;
				minimumVersion = 9.0.0;
			};
		};
/* End XCRemoteSwiftPackageReference section */

/* Begin XCSwiftPackageProductDependency section */
		6486EC41294449B7003C5437 /* FirebaseAuth */ = {
			isa = XCSwiftPackageProductDependency;
			package = 6486EC40294449B7003C5437 /* XCRemoteSwiftPackageReference "firebase-ios-sdk" */;
			productName = FirebaseAuth;
		};
		6486EC43294449B7003C5437 /* FirebaseFirestore */ = {
			isa = XCSwiftPackageProductDependency;
			package = 6486EC40294449B7003C5437 /* XCRemoteSwiftPackageReference "firebase-ios-sdk" */;
			productName = FirebaseFirestore;
		};
		6486EC45294449B7003C5437 /* FirebaseFirestoreSwift */ = {
			isa = XCSwiftPackageProductDependency;
			package = 6486EC40294449B7003C5437 /* XCRemoteSwiftPackageReference "firebase-ios-sdk" */;
			productName = FirebaseFirestoreSwift;
		};
		6486EC47294449B7003C5437 /* FirebaseStorage */ = {
			isa = XCSwiftPackageProductDependency;
			package = 6486EC40294449B7003C5437 /* XCRemoteSwiftPackageReference "firebase-ios-sdk" */;
			productName = FirebaseStorage;
		};
		6486EC49294449B7003C5437 /* FirebaseStorageCombine-Community */ = {
			isa = XCSwiftPackageProductDependency;
			package = 6486EC40294449B7003C5437 /* XCRemoteSwiftPackageReference "firebase-ios-sdk" */;
			productName = "FirebaseStorageCombine-Community";
		};
/* End XCSwiftPackageProductDependency section */
	};
	rootObject = 64B7E597294332D8005BB1D3 /* Project object */;
}
